
Microsoft Visual Studio Solution File, Format Version 12.00
# Visual Studio 2013
VisualStudioVersion = 12.0.21005.1
MinimumVisualStudioVersion = 10.0.40219.1
Project("{FAE04EC0-301F-11D3-BF4B-00C04F79EFBC}") = "SISPEPERS", "SISPEPERS\SISPEPERS.csproj", "{D770495F-1D10-4D96-B228-B97A0A447AEC}"
EndProject
Project("{FAE04EC0-301F-11D3-BF4B-00C04F79EFBC}") = "BusinessEntities", "BusinessEntities\BusinessEntities.csproj", "{B1581800-9693-453D-B39D-CA29943B87DD}"
EndProject
Project("{FAE04EC0-301F-11D3-BF4B-00C04F79EFBC}") = "DataAccess", "DataAccess\DataAccess.csproj", "{160BE0BD-F234-4E12-9038-C60948708FF2}"
EndProject
Project("{FAE04EC0-301F-11D3-BF4B-00C04F79EFBC}") = "BusinessRules", "BusinessRules\BusinessRules.csproj", "{250244D8-E3B3-4E99-ACC6-4996A974943A}"
EndProject
Global
	GlobalSection(SolutionConfigurationPlatforms) = preSolution
		Debug|Any CPU = Debug|Any CPU
		Release|Any CPU = Release|Any CPU
	EndGlobalSection
	GlobalSection(ProjectConfigurationPlatforms) = postSolution
		{D770495F-1D10-4D96-B228-B97A0A447AEC}.Debug|Any CPU.ActiveCfg = Debug|Any CPU
		{D770495F-1D10-4D96-B228-B97A0A447AEC}.Debug|Any CPU.Build.0 = Debug|Any CPU
		{D770495F-1D10-4D96-B228-B97A0A447AEC}.Release|Any CPU.ActiveCfg = Release|Any CPU
		{D770495F-1D10-4D96-B228-B97A0A447AEC}.Release|Any CPU.Build.0 = Release|Any CPU
		{B1581800-9693-453D-B39D-CA29943B87DD}.Debug|Any CPU.ActiveCfg = Debug|Any CPU
		{B1581800-9693-453D-B39D-CA29943B87DD}.Debug|Any CPU.Build.0 = Debug|Any CPU
		{B1581800-9693-453D-B39D-CA29943B87DD}.Release|Any CPU.ActiveCfg = Release|Any CPU
		{B1581800-9693-453D-B39D-CA29943B87DD}.Release|Any CPU.Build.0 = Release|Any CPU
		{160BE0BD-F234-4E12-9038-C60948708FF2}.Debug|Any CPU.ActiveCfg = Debug|Any CPU
		{160BE0BD-F234-4E12-9038-C60948708FF2}.Debug|Any CPU.Build.0 = Debug|Any CPU
		{160BE0BD-F234-4E12-9038-C60948708FF2}.Release|Any CPU.ActiveCfg = Release|Any CPU
		{160BE0BD-F234-4E12-9038-C60948708FF2}.Release|Any CPU.Build.0 = Release|Any CPU
		{250244D8-E3B3-4E99-ACC6-4996A974943A}.Debug|Any CPU.ActiveCfg = Debug|Any CPU
		{250244D8-E3B3-4E99-ACC6-4996A974943A}.Debug|Any CPU.Build.0 = Debug|Any CPU
		{250244D8-E3B3-4E99-ACC6-4996A974943A}.Release|Any CPU.ActiveCfg = Release|Any CPU
		{250244D8-E3B3-4E99-ACC6-4996A974943A}.Release|Any CPU.Build.0 = Release|Any CPU
	EndGlobalSection
	GlobalSection(SolutionProperties) = preSolution
		HideSolutionNode = FALSE
	EndGlobalSection
EndGlobal
